
Microsoft Visual Studio Solution File, Format Version 12.00
# Visual Studio 2012
Project("{FAE04EC0-301F-11D3-BF4B-00C04F79EFBC}") = "UI", "FabricaSonrisas\UI.csproj", "{75B1E239-F9DD-4E70-8F6D-F42D0CCC7B75}"
EndProject
Project("{FAE04EC0-301F-11D3-BF4B-00C04F79EFBC}") = "DAL", "DAL\DAL.csproj", "{8264CDF7-D277-443B-8B4E-436727E93B02}"
EndProject
Project("{FAE04EC0-301F-11D3-BF4B-00C04F79EFBC}") = "BLL", "BLL\BLL.csproj", "{611C6AE9-23F8-438A-A7CD-FC85885F76E1}"
EndProject
Global
	GlobalSection(SolutionConfigurationPlatforms) = preSolution
		Debug|Any CPU = Debug|Any CPU
		Release|Any CPU = Release|Any CPU
	EndGlobalSection
	GlobalSection(ProjectConfigurationPlatforms) = postSolution
		{75B1E239-F9DD-4E70-8F6D-F42D0CCC7B75}.Debug|Any CPU.ActiveCfg = Debug|Any CPU
		{75B1E239-F9DD-4E70-8F6D-F42D0CCC7B75}.Debug|Any CPU.Build.0 = Debug|Any CPU
		{75B1E239-F9DD-4E70-8F6D-F42D0CCC7B75}.Release|Any CPU.ActiveCfg = Release|Any CPU
		{75B1E239-F9DD-4E70-8F6D-F42D0CCC7B75}.Release|Any CPU.Build.0 = Release|Any CPU
		{8264CDF7-D277-443B-8B4E-436727E93B02}.Debug|Any CPU.ActiveCfg = Debug|Any CPU
		{8264CDF7-D277-443B-8B4E-436727E93B02}.Debug|Any CPU.Build.0 = Debug|Any CPU
		{8264CDF7-D277-443B-8B4E-436727E93B02}.Release|Any CPU.ActiveCfg = Release|Any CPU
		{8264CDF7-D277-443B-8B4E-436727E93B02}.Release|Any CPU.Build.0 = Release|Any CPU
		{611C6AE9-23F8-438A-A7CD-FC85885F76E1}.Debug|Any CPU.ActiveCfg = Debug|Any CPU
		{611C6AE9-23F8-438A-A7CD-FC85885F76E1}.Debug|Any CPU.Build.0 = Debug|Any CPU
		{611C6AE9-23F8-438A-A7CD-FC85885F76E1}.Release|Any CPU.ActiveCfg = Release|Any CPU
		{611C6AE9-23F8-438A-A7CD-FC85885F76E1}.Release|Any CPU.Build.0 = Release|Any CPU
	EndGlobalSection
	GlobalSection(SolutionProperties) = preSolution
		HideSolutionNode = FALSE
	EndGlobalSection
EndGlobal
